
Microsoft Visual Studio Solution File, Format Version 12.00
# Visual Studio Version 17
VisualStudioVersion = 17.4.33110.190
MinimumVisualStudioVersion = 10.0.40219.1
Project("{FAE04EC0-301F-11D3-BF4B-00C04F79EFBC}") = "Print_Label", "Print_Label\Print_Label.csproj", "{6DDEC6B8-EC13-4725-9F7C-37E2757D6EDB}"
EndProject
Global
	GlobalSection(SolutionConfigurationPlatforms) = preSolution
		Debug|Any CPU = Debug|Any CPU
		Release|Any CPU = Release|Any CPU
	EndGlobalSection
	GlobalSection(ProjectConfigurationPlatforms) = postSolution
		{6DDEC6B8-EC13-4725-9F7C-37E2757D6EDB}.Debug|Any CPU.ActiveCfg = Debug|Any CPU
		{6DDEC6B8-EC13-4725-9F7C-37E2757D6EDB}.Debug|Any CPU.Build.0 = Debug|Any CPU
		{6DDEC6B8-EC13-4725-9F7C-37E2757D6EDB}.Release|Any CPU.ActiveCfg = Release|Any CPU
		{6DDEC6B8-EC13-4725-9F7C-37E2757D6EDB}.Release|Any CPU.Build.0 = Release|Any CPU
	EndGlobalSection
	GlobalSection(SolutionProperties) = preSolution
		HideSolutionNode = FALSE
	EndGlobalSection
	GlobalSection(ExtensibilityGlobals) = postSolution
		SolutionGuid = {43954A16-8AD9-4C8A-A5E0-E5065A06A3C3}
	EndGlobalSection
EndGlobal
